
Microsoft Visual Studio Solution File, Format Version 12.00
Project("{2150E333-8FDC-42A3-9474-1A3956D46DE8}") = "source", "source", "{5E9C55D2-0AE7-4EA4-BC9C-D9ECE0D93C37}"
	ProjectSection(SolutionItems) = preProject
		source\bigstep.cpp = source\bigstep.cpp
		source\exceed.cpp = source\exceed.cpp
		source\express.cpp = source\express.cpp
		source\forloop.cpp = source\forloop.cpp
		source\formore.cpp = source\formore.cpp
		source\forstr1.cpp = source\forstr1.cpp
		source\hexoct1.cpp = source\hexoct1.cpp
		source\if.cpp = source\if.cpp
		source\ifelse.cpp = source\ifelse.cpp
		source\ifelseif.cpp = source\ifelseif.cpp
		source\Log.cpp = source\Log.cpp
		source\Log.h = source\Log.h
		source\main.cpp = source\main.cpp
		source\num_test.cpp = source\num_test.cpp
		source\plus_one.cpp = source\plus_one.cpp
	EndProjectSection
EndProject
Global
	GlobalSection(SolutionConfigurationPlatforms) = preSolution
		Debug|Any CPU = Debug|Any CPU
		Release|Any CPU = Release|Any CPU
	EndGlobalSection
EndGlobal
